
Microsoft Visual Studio Solution File, Format Version 12.00
# Visual Studio Version 16
VisualStudioVersion = 16.0.31624.102
MinimumVisualStudioVersion = 10.0.40219.1
Project("{9A19103F-16F7-4668-BE54-9A1E7A4F7556}") = "eButler", "eButler\eButler.csproj", "{547A8272-D6F6-4B85-8195-E5E306C64AEC}"
EndProject
Project("{9A19103F-16F7-4668-BE54-9A1E7A4F7556}") = "BusinessLogic", "BusinessLogic\BusinessLogic.csproj", "{92393D1F-FD84-4BA4-A6C0-3E3D7659E437}"
EndProject
Project("{9A19103F-16F7-4668-BE54-9A1E7A4F7556}") = "DataAccess", "DataAccess\DataAccess.csproj", "{040150A0-D8BF-48BE-B099-ECBFAE9052E0}"
EndProject
Global
	GlobalSection(SolutionConfigurationPlatforms) = preSolution
		Debug|Any CPU = Debug|Any CPU
		Release|Any CPU = Release|Any CPU
	EndGlobalSection
	GlobalSection(ProjectConfigurationPlatforms) = postSolution
		{547A8272-D6F6-4B85-8195-E5E306C64AEC}.Debug|Any CPU.ActiveCfg = Debug|Any CPU
		{547A8272-D6F6-4B85-8195-E5E306C64AEC}.Debug|Any CPU.Build.0 = Debug|Any CPU
		{547A8272-D6F6-4B85-8195-E5E306C64AEC}.Release|Any CPU.ActiveCfg = Release|Any CPU
		{547A8272-D6F6-4B85-8195-E5E306C64AEC}.Release|Any CPU.Build.0 = Release|Any CPU
		{92393D1F-FD84-4BA4-A6C0-3E3D7659E437}.Debug|Any CPU.ActiveCfg = Debug|Any CPU
		{92393D1F-FD84-4BA4-A6C0-3E3D7659E437}.Debug|Any CPU.Build.0 = Debug|Any CPU
		{92393D1F-FD84-4BA4-A6C0-3E3D7659E437}.Release|Any CPU.ActiveCfg = Release|Any CPU
		{92393D1F-FD84-4BA4-A6C0-3E3D7659E437}.Release|Any CPU.Build.0 = Release|Any CPU
		{040150A0-D8BF-48BE-B099-ECBFAE9052E0}.Debug|Any CPU.ActiveCfg = Debug|Any CPU
		{040150A0-D8BF-48BE-B099-ECBFAE9052E0}.Debug|Any CPU.Build.0 = Debug|Any CPU
		{040150A0-D8BF-48BE-B099-ECBFAE9052E0}.Release|Any CPU.ActiveCfg = Release|Any CPU
		{040150A0-D8BF-48BE-B099-ECBFAE9052E0}.Release|Any CPU.Build.0 = Release|Any CPU
	EndGlobalSection
	GlobalSection(SolutionProperties) = preSolution
		HideSolutionNode = FALSE
	EndGlobalSection
	GlobalSection(ExtensibilityGlobals) = postSolution
		SolutionGuid = {2D3708D8-2416-4B70-9A53-2C0CFC8CA1DD}
	EndGlobalSection
EndGlobal
